
Microsoft Visual Studio Solution File, Format Version 12.00
# Visual Studio Version 16
VisualStudioVersion = 16.0.31205.134
MinimumVisualStudioVersion = 10.0.40219.1
Project("{FAE04EC0-301F-11D3-BF4B-00C04F79EFBC}") = "FileRename", "FileRename\FileRename.csproj", "{5EA745F0-D231-41FA-B8F7-76381098143B}"
EndProject
Global
	GlobalSection(SolutionConfigurationPlatforms) = preSolution
		Debug|Any CPU = Debug|Any CPU
		Release|Any CPU = Release|Any CPU
	EndGlobalSection
	GlobalSection(ProjectConfigurationPlatforms) = postSolution
		{5EA745F0-D231-41FA-B8F7-76381098143B}.Debug|Any CPU.ActiveCfg = Debug|Any CPU
		{5EA745F0-D231-41FA-B8F7-76381098143B}.Debug|Any CPU.Build.0 = Debug|Any CPU
		{5EA745F0-D231-41FA-B8F7-76381098143B}.Release|Any CPU.ActiveCfg = Release|Any CPU
		{5EA745F0-D231-41FA-B8F7-76381098143B}.Release|Any CPU.Build.0 = Release|Any CPU
	EndGlobalSection
	GlobalSection(SolutionProperties) = preSolution
		HideSolutionNode = FALSE
	EndGlobalSection
	GlobalSection(ExtensibilityGlobals) = postSolution
		SolutionGuid = {ADB601F4-F29C-4A51-9EEA-B43F73DDBB1A}
	EndGlobalSection
EndGlobal
